// !$*UTF8*$!
{
	archiveVersion = 1;
	classes = {
	};
	objectVersion = 46;
	objects = {

/* Begin PBXBuildFile section */
		1DDD58160DA1D0A300B32029 /* MainMenu.xib in Resources */ = {isa = PBXBuildFile; fileRef = 1DDD58140DA1D0A300B32029 /* MainMenu.xib */; };
		8D11072B0486CEB800E47090 /* InfoPlist.strings in Resources */ = {isa = PBXBuildFile; fileRef = 089C165CFE840E0CC02AAC07 /* InfoPlist.strings */; };
		8D11072D0486CEB800E47090 /* main.m in Sources */ = {isa = PBXBuildFile; fileRef = 29B97316FDCFA39411CA2CEA /* main.m */; settings = {ATTRIBUTES = (); }; };
		8D11072F0486CEB800E47090 /* Cocoa.framework in Frameworks */ = {isa = PBXBuildFile; fileRef = 1058C7A1FEA54F0111CA2CBB /* Cocoa.framework */; };
		C3412B9712903E6200513D37 /* OpenGL.framework in Frameworks */ = {isa = PBXBuildFile; fileRef = C3412B9612903E6200513D37 /* OpenGL.framework */; };
		C3412BFC129041F700513D37 /* GLView.mm in Sources */ = {isa = PBXBuildFile; fileRef = C3412BF7129041F700513D37 /* GLView.mm */; };
		C3412C011290423000513D37 /* ZMeshAppDelegate.mm in Sources */ = {isa = PBXBuildFile; fileRef = C3412C001290423000513D37 /* ZMeshAppDelegate.mm */; };
		C3668F7512942AE900EF1FD7 /* ZCamera.cpp in Sources */ = {isa = PBXBuildFile; fileRef = C3668EA412942AE800EF1FD7 /* ZCamera.cpp */; };
		C3668F7612942AE900EF1FD7 /* ZObject.cpp in Sources */ = {isa = PBXBuildFile; fileRef = C3668EA612942AE800EF1FD7 /* ZObject.cpp */; };
		C3668F7712942AE900EF1FD7 /* ZWindow.cpp in Sources */ = {isa = PBXBuildFile; fileRef = C3668EA812942AE800EF1FD7 /* ZWindow.cpp */; };
		C38E139F1295245D0064F532 /* ZMeshCGLView.mm in Sources */ = {isa = PBXBuildFile; fileRef = C38E139B1295245D0064F532 /* ZMeshCGLView.mm */; };
		C38E13A01295245D0064F532 /* ZMeshCGLViewController.mm in Sources */ = {isa = PBXBuildFile; fileRef = C38E139D1295245D0064F532 /* ZMeshCGLViewController.mm */; };
		C38E13CE129528D60064F532 /* ZMeshGLViewController.mm in Sources */ = {isa = PBXBuildFile; fileRef = C38E13CD129528D60064F532 /* ZMeshGLViewController.mm */; };
		C3B3A6651332099000D7B3FF /* zMeshApp.icns in Resources */ = {isa = PBXBuildFile; fileRef = C3B3A6641332099000D7B3FF /* zMeshApp.icns */; };
		C3C4E43C12BD07AE00F09870 /* cube.stl in Resources */ = {isa = PBXBuildFile; fileRef = C3C4E43012BD07AE00F09870 /* cube.stl */; };
/* End PBXBuildFile section */

/* Begin PBXFileReference section */
		089C165DFE840E0CC02AAC07 /* English */ = {isa = PBXFileReference; fileEncoding = 4; lastKnownFileType = text.plist.strings; name = English; path = English.lproj/InfoPlist.strings; sourceTree = "<group>"; };
		1058C7A1FEA54F0111CA2CBB /* Cocoa.framework */ = {isa = PBXFileReference; lastKnownFileType = wrapper.framework; name = Cocoa.framework; path = /System/Library/Frameworks/Cocoa.framework; sourceTree = "<absolute>"; };
		13E42FB307B3F0F600E4EEF1 /* CoreData.framework */ = {isa = PBXFileReference; lastKnownFileType = wrapper.framework; name = CoreData.framework; path = /System/Library/Frameworks/CoreData.framework; sourceTree = "<absolute>"; };
		1DDD58150DA1D0A300B32029 /* English */ = {isa = PBXFileReference; lastKnownFileType = file.xib; name = English; path = English.lproj/MainMenu.xib; sourceTree = "<group>"; };
		256AC3F00F4B6AF500CF3369 /* zMesh_Prefix.pch */ = {isa = PBXFileReference; fileEncoding = 4; lastKnownFileType = sourcecode.c.h; path = zMesh_Prefix.pch; sourceTree = "<group>"; };
		29B97316FDCFA39411CA2CEA /* main.m */ = {isa = PBXFileReference; fileEncoding = 4; lastKnownFileType = sourcecode.c.objc; path = main.m; sourceTree = "<group>"; };
		29B97324FDCFA39411CA2CEA /* AppKit.framework */ = {isa = PBXFileReference; lastKnownFileType = wrapper.framework; name = AppKit.framework; path = /System/Library/Frameworks/AppKit.framework; sourceTree = "<absolute>"; };
		29B97325FDCFA39411CA2CEA /* Foundation.framework */ = {isa = PBXFileReference; lastKnownFileType = wrapper.framework; name = Foundation.framework; path = /System/Library/Frameworks/Foundation.framework; sourceTree = "<absolute>"; };
		8D1107310486CEB800E47090 /* zMesh-Info.plist */ = {isa = PBXFileReference; fileEncoding = 4; lastKnownFileType = text.plist.xml; path = "zMesh-Info.plist"; sourceTree = "<group>"; };
		8D1107320486CEB800E47090 /* zMesh.app */ = {isa = PBXFileReference; explicitFileType = wrapper.application; includeInIndex = 0; path = zMesh.app; sourceTree = BUILT_PRODUCTS_DIR; };
		C3412B9612903E6200513D37 /* OpenGL.framework */ = {isa = PBXFileReference; lastKnownFileType = wrapper.framework; name = OpenGL.framework; path = System/Library/Frameworks/OpenGL.framework; sourceTree = SDKROOT; };
		C3412BF6129041F700513D37 /* GLView.h */ = {isa = PBXFileReference; fileEncoding = 4; lastKnownFileType = sourcecode.c.h; path = GLView.h; sourceTree = "<group>"; };
		C3412BF7129041F700513D37 /* GLView.mm */ = {isa = PBXFileReference; fileEncoding = 4; lastKnownFileType = sourcecode.cpp.objcpp; path = GLView.mm; sourceTree = "<group>"; };
		C3412BFF1290423000513D37 /* ZMeshAppDelegate.h */ = {isa = PBXFileReference; fileEncoding = 4; lastKnownFileType = sourcecode.c.h; path = ZMeshAppDelegate.h; sourceTree = "<group>"; };
		C3412C001290423000513D37 /* ZMeshAppDelegate.mm */ = {isa = PBXFileReference; fileEncoding = 4; lastKnownFileType = sourcecode.cpp.objcpp; path = ZMeshAppDelegate.mm; sourceTree = "<group>"; };
		C3668EA212942AE800EF1FD7 /* ZOpenGL.h */ = {isa = PBXFileReference; fileEncoding = 4; lastKnownFileType = sourcecode.c.h; path = ZOpenGL.h; sourceTree = "<group>"; };
		C3668EA412942AE800EF1FD7 /* ZCamera.cpp */ = {isa = PBXFileReference; fileEncoding = 4; lastKnownFileType = sourcecode.cpp.cpp; path = ZCamera.cpp; sourceTree = "<group>"; };
		C3668EA512942AE800EF1FD7 /* ZCamera.h */ = {isa = PBXFileReference; fileEncoding = 4; lastKnownFileType = sourcecode.c.h; path = ZCamera.h; sourceTree = "<group>"; };
		C3668EA612942AE800EF1FD7 /* ZObject.cpp */ = {isa = PBXFileReference; fileEncoding = 4; lastKnownFileType = sourcecode.cpp.cpp; path = ZObject.cpp; sourceTree = "<group>"; };
		C3668EA712942AE800EF1FD7 /* ZObject.h */ = {isa = PBXFileReference; fileEncoding = 4; lastKnownFileType = sourcecode.c.h; path = ZObject.h; sourceTree = "<group>"; };
		C3668EA812942AE800EF1FD7 /* ZWindow.cpp */ = {isa = PBXFileReference; fileEncoding = 4; lastKnownFileType = sourcecode.cpp.cpp; path = ZWindow.cpp; sourceTree = "<group>"; };
		C3668EA912942AE800EF1FD7 /* ZWindow.h */ = {isa = PBXFileReference; fileEncoding = 4; lastKnownFileType = sourcecode.c.h; path = ZWindow.h; sourceTree = "<group>"; };
		C38D4F6112ABFD7000044CE3 /* ZMeshCGLDelegate.h */ = {isa = PBXFileReference; fileEncoding = 4; lastKnownFileType = sourcecode.c.h; path = ZMeshCGLDelegate.h; sourceTree = "<group>"; };
		C38E139A1295245D0064F532 /* ZMeshCGLView.h */ = {isa = PBXFileReference; fileEncoding = 4; lastKnownFileType = sourcecode.c.h; path = ZMeshCGLView.h; sourceTree = "<group>"; };
		C38E139B1295245D0064F532 /* ZMeshCGLView.mm */ = {isa = PBXFileReference; fileEncoding = 4; lastKnownFileType = sourcecode.cpp.objcpp; path = ZMeshCGLView.mm; sourceTree = "<group>"; };
		C38E139C1295245D0064F532 /* ZMeshCGLViewController.h */ = {isa = PBXFileReference; fileEncoding = 4; lastKnownFileType = sourcecode.c.h; path = ZMeshCGLViewController.h; sourceTree = "<group>"; };
		C38E139D1295245D0064F532 /* ZMeshCGLViewController.mm */ = {isa = PBXFileReference; fileEncoding = 4; lastKnownFileType = sourcecode.cpp.objcpp; path = ZMeshCGLViewController.mm; sourceTree = "<group>"; };
		C38E13A2129524680064F532 /* ZMeshApple.h */ = {isa = PBXFileReference; fileEncoding = 4; lastKnownFileType = sourcecode.c.h; path = ZMeshApple.h; sourceTree = "<group>"; };
		C38E13CC129528D60064F532 /* ZMeshGLViewController.h */ = {isa = PBXFileReference; fileEncoding = 4; lastKnownFileType = sourcecode.c.h; path = ZMeshGLViewController.h; sourceTree = "<group>"; };
		C38E13CD129528D60064F532 /* ZMeshGLViewController.mm */ = {isa = PBXFileReference; fileEncoding = 4; lastKnownFileType = sourcecode.cpp.objcpp; path = ZMeshGLViewController.mm; sourceTree = "<group>"; };
		C3B3A6641332099000D7B3FF /* zMeshApp.icns */ = {isa = PBXFileReference; lastKnownFileType = image.icns; path = zMeshApp.icns; sourceTree = "<group>"; };
		C3C4E43012BD07AE00F09870 /* cube.stl */ = {isa = PBXFileReference; lastKnownFileType = file; path = cube.stl; sourceTree = "<group>"; };
		C3C4E58D12BD11E100F09870 /* French */ = {isa = PBXFileReference; lastKnownFileType = file.xib; name = French; path = French.lproj/MainMenu.xib; sourceTree = "<group>"; };
		C3C4E58E12BD11E400F09870 /* German */ = {isa = PBXFileReference; lastKnownFileType = file.xib; name = German; path = German.lproj/MainMenu.xib; sourceTree = "<group>"; };
/* End PBXFileReference section */

/* Begin PBXFrameworksBuildPhase section */
		8D11072E0486CEB800E47090 /* Frameworks */ = {
			isa = PBXFrameworksBuildPhase;
			buildActionMask = 2147483647;
			files = (
				8D11072F0486CEB800E47090 /* Cocoa.framework in Frameworks */,
				C3412B9712903E6200513D37 /* OpenGL.framework in Frameworks */,
			);
			runOnlyForDeploymentPostprocessing = 0;
		};
/* End PBXFrameworksBuildPhase section */

/* Begin PBXGroup section */
		1058C7A0FEA54F0111CA2CBB /* Linked Frameworks */ = {
			isa = PBXGroup;
			children = (
				1058C7A1FEA54F0111CA2CBB /* Cocoa.framework */,
			);
			name = "Linked Frameworks";
			sourceTree = "<group>";
		};
		1058C7A2FEA54F0111CA2CBB /* Other Frameworks */ = {
			isa = PBXGroup;
			children = (
				29B97324FDCFA39411CA2CEA /* AppKit.framework */,
				13E42FB307B3F0F600E4EEF1 /* CoreData.framework */,
				29B97325FDCFA39411CA2CEA /* Foundation.framework */,
				C3412B9612903E6200513D37 /* OpenGL.framework */,
			);
			name = "Other Frameworks";
			sourceTree = "<group>";
		};
		19C28FACFE9D520D11CA2CBB /* Products */ = {
			isa = PBXGroup;
			children = (
				8D1107320486CEB800E47090 /* zMesh.app */,
			);
			name = Products;
			sourceTree = "<group>";
		};
		29B97314FDCFA39411CA2CEA /* zMesh */ = {
			isa = PBXGroup;
			children = (
				C3668E9E12942AE800EF1FD7 /* Src - Common */,
				C3412BF3129041F700513D37 /* Src - Platform */,
				29B97315FDCFA39411CA2CEA /* Other Sources */,
				29B97317FDCFA39411CA2CEA /* Resources */,
				29B97323FDCFA39411CA2CEA /* Frameworks */,
				19C28FACFE9D520D11CA2CBB /* Products */,
			);
			name = zMesh;
			sourceTree = "<group>";
		};
		29B97315FDCFA39411CA2CEA /* Other Sources */ = {
			isa = PBXGroup;
			children = (
				256AC3F00F4B6AF500CF3369 /* zMesh_Prefix.pch */,
				29B97316FDCFA39411CA2CEA /* main.m */,
			);
			name = "Other Sources";
			sourceTree = "<group>";
		};
		29B97317FDCFA39411CA2CEA /* Resources */ = {
			isa = PBXGroup;
			children = (
				C3C4E42812BD07AE00F09870 /* Models */,
				8D1107310486CEB800E47090 /* zMesh-Info.plist */,
				089C165CFE840E0CC02AAC07 /* InfoPlist.strings */,
				1DDD58140DA1D0A300B32029 /* MainMenu.xib */,
				C3B3A6641332099000D7B3FF /* zMeshApp.icns */,
			);
			name = Resources;
			sourceTree = "<group>";
		};
		29B97323FDCFA39411CA2CEA /* Frameworks */ = {
			isa = PBXGroup;
			children = (
				1058C7A0FEA54F0111CA2CBB /* Linked Frameworks */,
				1058C7A2FEA54F0111CA2CBB /* Other Frameworks */,
			);
			name = Frameworks;
			sourceTree = "<group>";
		};
		C3412BF3129041F700513D37 /* Src - Platform */ = {
			isa = PBXGroup;
			children = (
				C3412BF4129041F700513D37 /* Externals */,
				C3412BF5129041F700513D37 /* zMesh */,
			);
			name = "Src - Platform";
			path = ../Src;
			sourceTree = SOURCE_ROOT;
		};
		C3412BF4129041F700513D37 /* Externals */ = {
			isa = PBXGroup;
			children = (
			);
			path = Externals;
			sourceTree = "<group>";
		};
		C3412BF5129041F700513D37 /* zMesh */ = {
			isa = PBXGroup;
			children = (
				C3412BF6129041F700513D37 /* GLView.h */,
				C3412BF7129041F700513D37 /* GLView.mm */,
				C3412BFF1290423000513D37 /* ZMeshAppDelegate.h */,
				C3412C001290423000513D37 /* ZMeshAppDelegate.mm */,
				C38E13CC129528D60064F532 /* ZMeshGLViewController.h */,
				C38E13CD129528D60064F532 /* ZMeshGLViewController.mm */,
			);
			path = zMesh;
			sourceTree = "<group>";
		};
		C3668E9E12942AE800EF1FD7 /* Src - Common */ = {
			isa = PBXGroup;
			children = (
				C3668E9F12942AE800EF1FD7 /* CPP */,
				C3668EAA12942AE800EF1FD7 /* ObjectiveC */,
			);
			name = "Src - Common";
			path = ../../Common/Src;
			sourceTree = SOURCE_ROOT;
		};
		C3668E9F12942AE800EF1FD7 /* CPP */ = {
			isa = PBXGroup;
			children = (
				C3668EA012942AE800EF1FD7 /* Externals */,
				C3668EA312942AE800EF1FD7 /* zMesh */,
			);
			path = CPP;
			sourceTree = "<group>";
		};
		C3668EA012942AE800EF1FD7 /* Externals */ = {
			isa = PBXGroup;
			children = (
				C3668EA112942AE800EF1FD7 /* OpenGL */,
			);
			path = Externals;
			sourceTree = "<group>";
		};
		C3668EA112942AE800EF1FD7 /* OpenGL */ = {
			isa = PBXGroup;
			children = (
				C3668EA212942AE800EF1FD7 /* ZOpenGL.h */,
			);
			path = OpenGL;
			sourceTree = "<group>";
		};
		C3668EA312942AE800EF1FD7 /* zMesh */ = {
			isa = PBXGroup;
			children = (
				C3668EA512942AE800EF1FD7 /* ZCamera.h */,
				C3668EA412942AE800EF1FD7 /* ZCamera.cpp */,
				C3668EA712942AE800EF1FD7 /* ZObject.h */,
				C3668EA612942AE800EF1FD7 /* ZObject.cpp */,
				C3668EA912942AE800EF1FD7 /* ZWindow.h */,
				C3668EA812942AE800EF1FD7 /* ZWindow.cpp */,
			);
			path = zMesh;
			sourceTree = "<group>";
		};
		C3668EAA12942AE800EF1FD7 /* ObjectiveC */ = {
			isa = PBXGroup;
			children = (
				C3668EAB12942AE800EF1FD7 /* Externals */,
				C38E13961295245C0064F532 /* zMesh */,
			);
			path = ObjectiveC;
			sourceTree = "<group>";
		};
		C3668EAB12942AE800EF1FD7 /* Externals */ = {
			isa = PBXGroup;
			children = (
				C38E13A1129524680064F532 /* Apple */,
			);
			path = Externals;
			sourceTree = "<group>";
		};
		C38E13961295245C0064F532 /* zMesh */ = {
			isa = PBXGroup;
			children = (
				C38E13971295245D0064F532 /* Interface */,
				C38E139A1295245D0064F532 /* ZMeshCGLView.h */,
				C38E139B1295245D0064F532 /* ZMeshCGLView.mm */,
				C38E139C1295245D0064F532 /* ZMeshCGLViewController.h */,
				C38E139D1295245D0064F532 /* ZMeshCGLViewController.mm */,
			);
			path = zMesh;
			sourceTree = "<group>";
		};
		C38E13971295245D0064F532 /* Interface */ = {
			isa = PBXGroup;
			children = (
				C38D4F6112ABFD7000044CE3 /* ZMeshCGLDelegate.h */,
			);
			path = Interface;
			sourceTree = "<group>";
		};
		C38E13A1129524680064F532 /* Apple */ = {
			isa = PBXGroup;
			children = (
				C38E13A2129524680064F532 /* ZMeshApple.h */,
			);
			path = Apple;
			sourceTree = "<group>";
		};
		C3C4E42812BD07AE00F09870 /* Models */ = {
			isa = PBXGroup;
			children = (
				C3C4E42D12BD07AE00F09870 /* stl */,
			);
			name = Models;
			path = ../../Common/Bin/Data/Models;
			sourceTree = SOURCE_ROOT;
		};
		C3C4E42D12BD07AE00F09870 /* stl */ = {
			isa = PBXGroup;
			children = (
				C3C4E43012BD07AE00F09870 /* cube.stl */,
			);
			path = stl;
			sourceTree = "<group>";
		};
/* End PBXGroup section */

/* Begin PBXNativeTarget section */
		8D1107260486CEB800E47090 /* zMesh */ = {
			isa = PBXNativeTarget;
			buildConfigurationList = C01FCF4A08A954540054247B /* Build configuration list for PBXNativeTarget "zMesh" */;
			buildPhases = (
				8D1107290486CEB800E47090 /* Resources */,
				8D11072C0486CEB800E47090 /* Sources */,
				8D11072E0486CEB800E47090 /* Frameworks */,
			);
			buildRules = (
			);
			dependencies = (
			);
			name = zMesh;
			productInstallPath = "$(HOME)/Applications";
			productName = zMesh;
			productReference = 8D1107320486CEB800E47090 /* zMesh.app */;
			productType = "com.apple.product-type.application";
		};
/* End PBXNativeTarget section */

/* Begin PBXProject section */
		29B97313FDCFA39411CA2CEA /* Project object */ = {
			isa = PBXProject;
			attributes = {
				LastUpgradeCheck = 0420;
			};
			buildConfigurationList = C01FCF4E08A954540054247B /* Build configuration list for PBXProject "zMesh" */;
			compatibilityVersion = "Xcode 3.2";
			developmentRegion = English;
			hasScannedForEncodings = 1;
			knownRegions = (
				English,
				Japanese,
				French,
				German,
			);
			mainGroup = 29B97314FDCFA39411CA2CEA /* zMesh */;
			projectDirPath = "";
			projectRoot = "";
			targets = (
				8D1107260486CEB800E47090 /* zMesh */,
			);
		};
/* End PBXProject section */

/* Begin PBXResourcesBuildPhase section */
		8D1107290486CEB800E47090 /* Resources */ = {
			isa = PBXResourcesBuildPhase;
			buildActionMask = 2147483647;
			files = (
				8D11072B0486CEB800E47090 /* InfoPlist.strings in Resources */,
				1DDD58160DA1D0A300B32029 /* MainMenu.xib in Resources */,
				C3C4E43C12BD07AE00F09870 /* cube.stl in Resources */,
				C3B3A6651332099000D7B3FF /* zMeshApp.icns in Resources */,
			);
			runOnlyForDeploymentPostprocessing = 0;
		};
/* End PBXResourcesBuildPhase section */

/* Begin PBXSourcesBuildPhase section */
		8D11072C0486CEB800E47090 /* Sources */ = {
			isa = PBXSourcesBuildPhase;
			buildActionMask = 2147483647;
			files = (
				8D11072D0486CEB800E47090 /* main.m in Sources */,
				C3412BFC129041F700513D37 /* GLView.mm in Sources */,
				C3412C011290423000513D37 /* ZMeshAppDelegate.mm in Sources */,
				C3668F7512942AE900EF1FD7 /* ZCamera.cpp in Sources */,
				C3668F7612942AE900EF1FD7 /* ZObject.cpp in Sources */,
				C3668F7712942AE900EF1FD7 /* ZWindow.cpp in Sources */,
				C38E139F1295245D0064F532 /* ZMeshCGLView.mm in Sources */,
				C38E13A01295245D0064F532 /* ZMeshCGLViewController.mm in Sources */,
				C38E13CE129528D60064F532 /* ZMeshGLViewController.mm in Sources */,
			);
			runOnlyForDeploymentPostprocessing = 0;
		};
/* End PBXSourcesBuildPhase section */

/* Begin PBXVariantGroup section */
		089C165CFE840E0CC02AAC07 /* InfoPlist.strings */ = {
			isa = PBXVariantGroup;
			children = (
				089C165DFE840E0CC02AAC07 /* English */,
			);
			name = InfoPlist.strings;
			sourceTree = "<group>";
		};
		1DDD58140DA1D0A300B32029 /* MainMenu.xib */ = {
			isa = PBXVariantGroup;
			children = (
				1DDD58150DA1D0A300B32029 /* English */,
				C3C4E58D12BD11E100F09870 /* French */,
				C3C4E58E12BD11E400F09870 /* German */,
			);
			name = MainMenu.xib;
			sourceTree = "<group>";
		};
/* End PBXVariantGroup section */

/* Begin XCBuildConfiguration section */
		C01FCF4B08A954540054247B /* Debug */ = {
			isa = XCBuildConfiguration;
			buildSettings = {
				ALWAYS_SEARCH_USER_PATHS = NO;
				COPY_PHASE_STRIP = NO;
				GCC_DYNAMIC_NO_PIC = NO;
				GCC_MODEL_TUNING = G5;
				GCC_OPTIMIZATION_LEVEL = 0;
				GCC_PRECOMPILE_PREFIX_HEADER = YES;
				GCC_PREFIX_HEADER = zMesh_Prefix.pch;
				GCC_PREPROCESSOR_DEFINITIONS = D_MAC;
				HEADER_SEARCH_PATHS = "\"$(SRCROOT)/../../Common/Lib/vcglib\"";
				INFOPLIST_FILE = "zMesh-Info.plist";
				INSTALL_PATH = "$(HOME)/Applications";
				MACOSX_DEPLOYMENT_TARGET = 10.5;
				PRODUCT_NAME = zMesh;
			};
			name = Debug;
		};
		C01FCF4C08A954540054247B /* Release */ = {
			isa = XCBuildConfiguration;
			buildSettings = {
				ALWAYS_SEARCH_USER_PATHS = NO;
				DEBUG_INFORMATION_FORMAT = "dwarf-with-dsym";
				GCC_MODEL_TUNING = G5;
				GCC_PRECOMPILE_PREFIX_HEADER = YES;
				GCC_PREFIX_HEADER = zMesh_Prefix.pch;
				GCC_PREPROCESSOR_DEFINITIONS = D_MAC;
				HEADER_SEARCH_PATHS = "\"$(SRCROOT)/../../Common/Lib/vcglib\"";
				INFOPLIST_FILE = "zMesh-Info.plist";
				INSTALL_PATH = "$(HOME)/Applications";
				MACOSX_DEPLOYMENT_TARGET = 10.5;
				PRODUCT_NAME = zMesh;
			};
			name = Release;
		};
		C01FCF4F08A954540054247B /* Debug */ = {
			isa = XCBuildConfiguration;
			buildSettings = {
				ARCHS = "$(ARCHS_STANDARD_32_64_BIT)";
				GCC_C_LANGUAGE_STANDARD = gnu99;
				GCC_OPTIMIZATION_LEVEL = 0;
				GCC_VERSION = com.apple.compilers.llvmgcc42;
				GCC_WARN_ABOUT_RETURN_TYPE = YES;
				GCC_WARN_UNUSED_VARIABLE = YES;
				MACOSX_DEPLOYMENT_TARGET = 10.5;
				ONLY_ACTIVE_ARCH = YES;
				SDKROOT = macosx;
			};
			name = Debug;
		};
		C01FCF5008A954540054247B /* Release */ = {
			isa = XCBuildConfiguration;
			buildSettings = {
				ARCHS = "$(ARCHS_STANDARD_32_64_BIT)";
				GCC_C_LANGUAGE_STANDARD = gnu99;
				GCC_VERSION = com.apple.compilers.llvmgcc42;
				GCC_WARN_ABOUT_RETURN_TYPE = YES;
				GCC_WARN_UNUSED_VARIABLE = YES;
				MACOSX_DEPLOYMENT_TARGET = 10.5;
				SDKROOT = macosx;
			};
			name = Release;
		};
/* End XCBuildConfiguration section */

/* Begin XCConfigurationList section */
		C01FCF4A08A954540054247B /* Build configuration list for PBXNativeTarget "zMesh" */ = {
			isa = XCConfigurationList;
			buildConfigurations = (
				C01FCF4B08A954540054247B /* Debug */,
				C01FCF4C08A954540054247B /* Release */,
			);
			defaultConfigurationIsVisible = 0;
			defaultConfigurationName = Release;
		};
		C01FCF4E08A954540054247B /* Build configuration list for PBXProject "zMesh" */ = {
			isa = XCConfigurationList;
			buildConfigurations = (
				C01FCF4F08A954540054247B /* Debug */,
				C01FCF5008A954540054247B /* Release */,
			);
			defaultConfigurationIsVisible = 0;
			defaultConfigurationName = Release;
		};
/* End XCConfigurationList section */
	};
	rootObject = 29B97313FDCFA39411CA2CEA /* Project object */;
}
